
Microsoft Visual Studio Solution File, Format Version 12.00
# Visual Studio 2013
VisualStudioVersion = 12.0.21005.1
MinimumVisualStudioVersion = 10.0.40219.1
Project("{FAE04EC0-301F-11D3-BF4B-00C04F79EFBC}") = "Bunian", "Bunian\Bunian.csproj", "{B7A40BEB-9FCA-485E-A083-CFD30B0D257D}"
EndProject
Project("{FAE04EC0-301F-11D3-BF4B-00C04F79EFBC}") = "UpgradeDatabase", "UpgradeDatabase\UpgradeDatabase.csproj", "{BB65FBDE-CB83-4156-AF24-040F47924D37}"
EndProject
Global
	GlobalSection(SolutionConfigurationPlatforms) = preSolution
		Debug|Any CPU = Debug|Any CPU
		Release|Any CPU = Release|Any CPU
	EndGlobalSection
	GlobalSection(ProjectConfigurationPlatforms) = postSolution
		{B7A40BEB-9FCA-485E-A083-CFD30B0D257D}.Debug|Any CPU.ActiveCfg = Debug|Any CPU
		{B7A40BEB-9FCA-485E-A083-CFD30B0D257D}.Debug|Any CPU.Build.0 = Debug|Any CPU
		{B7A40BEB-9FCA-485E-A083-CFD30B0D257D}.Release|Any CPU.ActiveCfg = Release|Any CPU
		{B7A40BEB-9FCA-485E-A083-CFD30B0D257D}.Release|Any CPU.Build.0 = Release|Any CPU
		{BB65FBDE-CB83-4156-AF24-040F47924D37}.Debug|Any CPU.ActiveCfg = Debug|Any CPU
		{BB65FBDE-CB83-4156-AF24-040F47924D37}.Debug|Any CPU.Build.0 = Debug|Any CPU
		{BB65FBDE-CB83-4156-AF24-040F47924D37}.Release|Any CPU.ActiveCfg = Release|Any CPU
		{BB65FBDE-CB83-4156-AF24-040F47924D37}.Release|Any CPU.Build.0 = Release|Any CPU
	EndGlobalSection
	GlobalSection(SolutionProperties) = preSolution
		HideSolutionNode = FALSE
	EndGlobalSection
EndGlobal
